
Microsoft Visual Studio Solution File, Format Version 12.00
# Visual Studio Version 16
VisualStudioVersion = 16.0.33027.164
MinimumVisualStudioVersion = 10.0.40219.1
Project("{FAE04EC0-301F-11D3-BF4B-00C04F79EFBC}") = "Client", "Client.csproj", "{02ADDB3A-F0B9-4CBC-BFA1-F5B54477E0C8}"
EndProject
Global
	GlobalSection(SolutionConfigurationPlatforms) = preSolution
		Debug|Any CPU = Debug|Any CPU
		Release|Any CPU = Release|Any CPU
	EndGlobalSection
	GlobalSection(ProjectConfigurationPlatforms) = postSolution
		{02ADDB3A-F0B9-4CBC-BFA1-F5B54477E0C8}.Debug|Any CPU.ActiveCfg = Debug|Any CPU
		{02ADDB3A-F0B9-4CBC-BFA1-F5B54477E0C8}.Debug|Any CPU.Build.0 = Debug|Any CPU
		{02ADDB3A-F0B9-4CBC-BFA1-F5B54477E0C8}.Release|Any CPU.ActiveCfg = Release|Any CPU
		{02ADDB3A-F0B9-4CBC-BFA1-F5B54477E0C8}.Release|Any CPU.Build.0 = Release|Any CPU
	EndGlobalSection
	GlobalSection(SolutionProperties) = preSolution
		HideSolutionNode = FALSE
	EndGlobalSection
	GlobalSection(ExtensibilityGlobals) = postSolution
		SolutionGuid = {FEE7CA82-FA66-400F-A41B-BFE225923A2E}
	EndGlobalSection
EndGlobal
